// !$*UTF8*$!
{
	archiveVersion = 1;
	classes = {
	};
	objectVersion = 50;
	objects = {

/* Begin PBXBuildFile section */
		658C5332247BEF2600AEA8C2 /* AppDelegate.swift in Sources */ = {isa = PBXBuildFile; fileRef = 658C5331247BEF2600AEA8C2 /* AppDelegate.swift */; };
		658C5334247BEF2600AEA8C2 /* SceneDelegate.swift in Sources */ = {isa = PBXBuildFile; fileRef = 658C5333247BEF2600AEA8C2 /* SceneDelegate.swift */; };
		658C533B247BEF2900AEA8C2 /* Assets.xcassets in Resources */ = {isa = PBXBuildFile; fileRef = 658C533A247BEF2900AEA8C2 /* Assets.xcassets */; };
		658C533E247BEF2900AEA8C2 /* LaunchScreen.storyboard in Resources */ = {isa = PBXBuildFile; fileRef = 658C533C247BEF2900AEA8C2 /* LaunchScreen.storyboard */; };
		658C5347247BEF7500AEA8C2 /* HomeViewController.swift in Sources */ = {isa = PBXBuildFile; fileRef = 658C5346247BEF7500AEA8C2 /* HomeViewController.swift */; };
		658C5349247BF0BA00AEA8C2 /* Main.storyboard in Resources */ = {isa = PBXBuildFile; fileRef = 658C5348247BF0BA00AEA8C2 /* Main.storyboard */; };
/* End PBXBuildFile section */

/* Begin PBXFileReference section */
		658C532E247BEF2600AEA8C2 /* MultipleCellTableViewMVVM.app */ = {isa = PBXFileReference; explicitFileType = wrapper.application; includeInIndex = 0; path = MultipleCellTableViewMVVM.app; sourceTree = BUILT_PRODUCTS_DIR; };
		658C5331247BEF2600AEA8C2 /* AppDelegate.swift */ = {isa = PBXFileReference; lastKnownFileType = sourcecode.swift; path = AppDelegate.swift; sourceTree = "<group>"; };
		658C5333247BEF2600AEA8C2 /* SceneDelegate.swift */ = {isa = PBXFileReference; lastKnownFileType = sourcecode.swift; path = SceneDelegate.swift; sourceTree = "<group>"; };
		658C533A247BEF2900AEA8C2 /* Assets.xcassets */ = {isa = PBXFileReference; lastKnownFileType = folder.assetcatalog; path = Assets.xcassets; sourceTree = "<group>"; };
		658C533D247BEF2900AEA8C2 /* Base */ = {isa = PBXFileReference; lastKnownFileType = file.storyboard; name = Base; path = Base.lproj/LaunchScreen.storyboard; sourceTree = "<group>"; };
		658C533F247BEF2900AEA8C2 /* Info.plist */ = {isa = PBXFileReference; lastKnownFileType = text.plist.xml; path = Info.plist; sourceTree = "<group>"; };
		658C5346247BEF7500AEA8C2 /* HomeViewController.swift */ = {isa = PBXFileReference; lastKnownFileType = sourcecode.swift; path = HomeViewController.swift; sourceTree = "<group>"; };
		658C5348247BF0BA00AEA8C2 /* Main.storyboard */ = {isa = PBXFileReference; lastKnownFileType = file.storyboard; path = Main.storyboard; sourceTree = "<group>"; };
/* End PBXFileReference section */

/* Begin PBXFrameworksBuildPhase section */
		658C532B247BEF2600AEA8C2 /* Frameworks */ = {
			isa = PBXFrameworksBuildPhase;
			buildActionMask = 2147483647;
			files = (
			);
			runOnlyForDeploymentPostprocessing = 0;
		};
/* End PBXFrameworksBuildPhase section */

/* Begin PBXGroup section */
		658C5325247BEF2600AEA8C2 = {
			isa = PBXGroup;
			children = (
				658C5330247BEF2600AEA8C2 /* MultipleCellTableViewMVVM */,
				658C532F247BEF2600AEA8C2 /* Products */,
			);
			sourceTree = "<group>";
		};
		658C532F247BEF2600AEA8C2 /* Products */ = {
			isa = PBXGroup;
			children = (
				658C532E247BEF2600AEA8C2 /* MultipleCellTableViewMVVM.app */,
			);
			name = Products;
			sourceTree = "<group>";
		};
		658C5330247BEF2600AEA8C2 /* MultipleCellTableViewMVVM */ = {
			isa = PBXGroup;
			children = (
				658C5345247BEF5B00AEA8C2 /* Controller */,
				658C5331247BEF2600AEA8C2 /* AppDelegate.swift */,
				658C5333247BEF2600AEA8C2 /* SceneDelegate.swift */,
				658C533A247BEF2900AEA8C2 /* Assets.xcassets */,
				658C5348247BF0BA00AEA8C2 /* Main.storyboard */,
				658C533C247BEF2900AEA8C2 /* LaunchScreen.storyboard */,
				658C533F247BEF2900AEA8C2 /* Info.plist */,
			);
			path = MultipleCellTableViewMVVM;
			sourceTree = "<group>";
		};
		658C5345247BEF5B00AEA8C2 /* Controller */ = {
			isa = PBXGroup;
			children = (
				658C5346247BEF7500AEA8C2 /* HomeViewController.swift */,
			);
			path = Controller;
			sourceTree = "<group>";
		};
/* End PBXGroup section */

/* Begin PBXNativeTarget section */
		658C532D247BEF2600AEA8C2 /* MultipleCellTableViewMVVM */ = {
			isa = PBXNativeTarget;
			buildConfigurationList = 658C5342247BEF2900AEA8C2 /* Build configuration list for PBXNativeTarget "MultipleCellTableViewMVVM" */;
			buildPhases = (
				658C532A247BEF2600AEA8C2 /* Sources */,
				658C532B247BEF2600AEA8C2 /* Frameworks */,
				658C532C247BEF2600AEA8C2 /* Resources */,
			);
			buildRules = (
			);
			dependencies = (
			);
			name = MultipleCellTableViewMVVM;
			productName = MultipleCellTableViewMVVM;
			productReference = 658C532E247BEF2600AEA8C2 /* MultipleCellTableViewMVVM.app */;
			productType = "com.apple.product-type.application";
		};
/* End PBXNativeTarget section */

/* Begin PBXProject section */
		658C5326247BEF2600AEA8C2 /* Project object */ = {
			isa = PBXProject;
			attributes = {
				LastSwiftUpdateCheck = 1130;
				LastUpgradeCheck = 1130;
				ORGANIZATIONNAME = AmitabhPandey;
				TargetAttributes = {
					658C532D247BEF2600AEA8C2 = {
						CreatedOnToolsVersion = 11.3.1;
					};
				};
			};
			buildConfigurationList = 658C5329247BEF2600AEA8C2 /* Build configuration list for PBXProject "MultipleCellTableViewMVVM" */;
			compatibilityVersion = "Xcode 9.3";
			developmentRegion = en;
			hasScannedForEncodings = 0;
			knownRegions = (
				en,
				Base,
			);
			mainGroup = 658C5325247BEF2600AEA8C2;
			productRefGroup = 658C532F247BEF2600AEA8C2 /* Products */;
			projectDirPath = "";
			projectRoot = "";
			targets = (
				658C532D247BEF2600AEA8C2 /* MultipleCellTableViewMVVM */,
			);
		};
/* End PBXProject section */

/* Begin PBXResourcesBuildPhase section */
		658C532C247BEF2600AEA8C2 /* Resources */ = {
			isa = PBXResourcesBuildPhase;
			buildActionMask = 2147483647;
			files = (
				658C5349247BF0BA00AEA8C2 /* Main.storyboard in Resources */,
				658C533E247BEF2900AEA8C2 /* LaunchScreen.storyboard in Resources */,
				658C533B247BEF2900AEA8C2 /* Assets.xcassets in Resources */,
			);
			runOnlyForDeploymentPostprocessing = 0;
		};
/* End PBXResourcesBuildPhase section */

/* Begin PBXSourcesBuildPhase section */
		658C532A247BEF2600AEA8C2 /* Sources */ = {
			isa = PBXSourcesBuildPhase;
			buildActionMask = 2147483647;
			files = (
				658C5332247BEF2600AEA8C2 /* AppDelegate.swift in Sources */,
				658C5334247BEF2600AEA8C2 /* SceneDelegate.swift in Sources */,
				658C5347247BEF7500AEA8C2 /* HomeViewController.swift in Sources */,
			);
			runOnlyForDeploymentPostprocessing = 0;
		};
/* End PBXSourcesBuildPhase section */

/* Begin PBXVariantGroup section */
		658C533C247BEF2900AEA8C2 /* LaunchScreen.storyboard */ = {
			isa = PBXVariantGroup;
			children = (
				658C533D247BEF2900AEA8C2 /* Base */,
			);
			name = LaunchScreen.storyboard;
			sourceTree = "<group>";
		};
/* End PBXVariantGroup section */

/* Begin XCBuildConfiguration section */
		658C5340247BEF2900AEA8C2 /* Debug */ = {
			isa = XCBuildConfiguration;
			buildSettings = {
				ALWAYS_SEARCH_USER_PATHS = NO;
				CLANG_ANALYZER_NONNULL = YES;
				CLANG_ANALYZER_NUMBER_OBJECT_CONVERSION = YES_AGGRESSIVE;
				CLANG_CXX_LANGUAGE_STANDARD = "gnu++14";
				CLANG_CXX_LIBRARY = "libc++";
				CLANG_ENABLE_MODULES = YES;
				CLANG_ENABLE_OBJC_ARC = YES;
				CLANG_ENABLE_OBJC_WEAK = YES;
				CLANG_WARN_BLOCK_CAPTURE_AUTORELEASING = YES;
				CLANG_WARN_BOOL_CONVERSION = YES;
				CLANG_WARN_COMMA = YES;
				CLANG_WARN_CONSTANT_CONVERSION = YES;
				CLANG_WARN_DEPRECATED_OBJC_IMPLEMENTATIONS = YES;
				CLANG_WARN_DIRECT_OBJC_ISA_USAGE = YES_ERROR;
				CLANG_WARN_DOCUMENTATION_COMMENTS = YES;
				CLANG_WARN_EMPTY_BODY = YES;
				CLANG_WARN_ENUM_CONVERSION = YES;
				CLANG_WARN_INFINITE_RECURSION = YES;
				CLANG_WARN_INT_CONVERSION = YES;
				CLANG_WARN_NON_LITERAL_NULL_CONVERSION = YES;
				CLANG_WARN_OBJC_IMPLICIT_RETAIN_SELF = YES;
				CLANG_WARN_OBJC_LITERAL_CONVERSION = YES;
				CLANG_WARN_OBJC_ROOT_CLASS = YES_ERROR;
				CLANG_WARN_RANGE_LOOP_ANALYSIS = YES;
				CLANG_WARN_STRICT_PROTOTYPES = YES;
				CLANG_WARN_SUSPICIOUS_MOVE = YES;
				CLANG_WARN_UNGUARDED_AVAILABILITY = YES_AGGRESSIVE;
				CLANG_WARN_UNREACHABLE_CODE = YES;
				CLANG_WARN__DUPLICATE_METHOD_MATCH = YES;
				COPY_PHASE_STRIP = NO;
				DEBUG_INFORMATION_FORMAT = dwarf;
				ENABLE_STRICT_OBJC_MSGSEND = YES;
				ENABLE_TESTABILITY = YES;
				GCC_C_LANGUAGE_STANDARD = gnu11;
				GCC_DYNAMIC_NO_PIC = NO;
				GCC_NO_COMMON_BLOCKS = YES;
				GCC_OPTIMIZATION_LEVEL = 0;
				GCC_PREPROCESSOR_DEFINITIONS = (
					"DEBUG=1",
					"$(inherited)",
				);
				GCC_WARN_64_TO_32_BIT_CONVERSION = YES;
				GCC_WARN_ABOUT_RETURN_TYPE = YES_ERROR;
				GCC_WARN_UNDECLARED_SELECTOR = YES;
				GCC_WARN_UNINITIALIZED_AUTOS = YES_AGGRESSIVE;
				GCC_WARN_UNUSED_FUNCTION = YES;
				GCC_WARN_UNUSED_VARIABLE = YES;
				IPHONEOS_DEPLOYMENT_TARGET = 13.2;
				MTL_ENABLE_DEBUG_INFO = INCLUDE_SOURCE;
				MTL_FAST_MATH = YES;
				ONLY_ACTIVE_ARCH = YES;
				SDKROOT = iphoneos;
				SWIFT_ACTIVE_COMPILATION_CONDITIONS = DEBUG;
				SWIFT_OPTIMIZATION_LEVEL = "-Onone";
			};
			name = Debug;
		};
		658C5341247BEF2900AEA8C2 /* Release */ = {
			isa = XCBuildConfiguration;
			buildSettings = {
				ALWAYS_SEARCH_USER_PATHS = NO;
				CLANG_ANALYZER_NONNULL = YES;
				CLANG_ANALYZER_NUMBER_OBJECT_CONVERSION = YES_AGGRESSIVE;
				CLANG_CXX_LANGUAGE_STANDARD = "gnu++14";
				CLANG_CXX_LIBRARY = "libc++";
				CLANG_ENABLE_MODULES = YES;
				CLANG_ENABLE_OBJC_ARC = YES;
				CLANG_ENABLE_OBJC_WEAK = YES;
				CLANG_WARN_BLOCK_CAPTURE_AUTORELEASING = YES;
				CLANG_WARN_BOOL_CONVERSION = YES;
				CLANG_WARN_COMMA = YES;
				CLANG_WARN_CONSTANT_CONVERSION = YES;
				CLANG_WARN_DEPRECATED_OBJC_IMPLEMENTATIONS = YES;
				CLANG_WARN_DIRECT_OBJC_ISA_USAGE = YES_ERROR;
				CLANG_WARN_DOCUMENTATION_COMMENTS = YES;
				CLANG_WARN_EMPTY_BODY = YES;
				CLANG_WARN_ENUM_CONVERSION = YES;
				CLANG_WARN_INFINITE_RECURSION = YES;
				CLANG_WARN_INT_CONVERSION = YES;
				CLANG_WARN_NON_LITERAL_NULL_CONVERSION = YES;
				CLANG_WARN_OBJC_IMPLICIT_RETAIN_SELF = YES;
				CLANG_WARN_OBJC_LITERAL_CONVERSION = YES;
				CLANG_WARN_OBJC_ROOT_CLASS = YES_ERROR;
				CLANG_WARN_RANGE_LOOP_ANALYSIS = YES;
				CLANG_WARN_STRICT_PROTOTYPES = YES;
				CLANG_WARN_SUSPICIOUS_MOVE = YES;
				CLANG_WARN_UNGUARDED_AVAILABILITY = YES_AGGRESSIVE;
				CLANG_WARN_UNREACHABLE_CODE = YES;
				CLANG_WARN__DUPLICATE_METHOD_MATCH = YES;
				COPY_PHASE_STRIP = NO;
				DEBUG_INFORMATION_FORMAT = "dwarf-with-dsym";
				ENABLE_NS_ASSERTIONS = NO;
				ENABLE_STRICT_OBJC_MSGSEND = YES;
				GCC_C_LANGUAGE_STANDARD = gnu11;
				GCC_NO_COMMON_BLOCKS = YES;
				GCC_WARN_64_TO_32_BIT_CONVERSION = YES;
				GCC_WARN_ABOUT_RETURN_TYPE = YES_ERROR;
				GCC_WARN_UNDECLARED_SELECTOR = YES;
				GCC_WARN_UNINITIALIZED_AUTOS = YES_AGGRESSIVE;
				GCC_WARN_UNUSED_FUNCTION = YES;
				GCC_WARN_UNUSED_VARIABLE = YES;
				IPHONEOS_DEPLOYMENT_TARGET = 13.2;
				MTL_ENABLE_DEBUG_INFO = NO;
				MTL_FAST_MATH = YES;
				SDKROOT = iphoneos;
				SWIFT_COMPILATION_MODE = wholemodule;
				SWIFT_OPTIMIZATION_LEVEL = "-O";
				VALIDATE_PRODUCT = YES;
			};
			name = Release;
		};
		658C5343247BEF2900AEA8C2 /* Debug */ = {
			isa = XCBuildConfiguration;
			buildSettings = {
				ASSETCATALOG_COMPILER_APPICON_NAME = AppIcon;
				CODE_SIGN_STYLE = Automatic;
				DEVELOPMENT_TEAM = C2WZ997HDM;
				INFOPLIST_FILE = MultipleCellTableViewMVVM/Info.plist;
				LD_RUNPATH_SEARCH_PATHS = (
					"$(inherited)",
					"@executable_path/Frameworks",
				);
				PRODUCT_BUNDLE_IDENTIFIER = Amitabh.MultipleCellTableViewMVVM;
				PRODUCT_NAME = "$(TARGET_NAME)";
				SWIFT_VERSION = 5.0;
				TARGETED_DEVICE_FAMILY = "1,2";
			};
			name = Debug;
		};
		658C5344247BEF2900AEA8C2 /* Release */ = {
			isa = XCBuildConfiguration;
			buildSettings = {
				ASSETCATALOG_COMPILER_APPICON_NAME = AppIcon;
				CODE_SIGN_STYLE = Automatic;
				DEVELOPMENT_TEAM = C2WZ997HDM;
				INFOPLIST_FILE = MultipleCellTableViewMVVM/Info.plist;
				LD_RUNPATH_SEARCH_PATHS = (
					"$(inherited)",
					"@executable_path/Frameworks",
				);
				PRODUCT_BUNDLE_IDENTIFIER = Amitabh.MultipleCellTableViewMVVM;
				PRODUCT_NAME = "$(TARGET_NAME)";
				SWIFT_VERSION = 5.0;
				TARGETED_DEVICE_FAMILY = "1,2";
			};
			name = Release;
		};
/* End XCBuildConfiguration section */

/* Begin XCConfigurationList section */
		658C5329247BEF2600AEA8C2 /* Build configuration list for PBXProject "MultipleCellTableViewMVVM" */ = {
			isa = XCConfigurationList;
			buildConfigurations = (
				658C5340247BEF2900AEA8C2 /* Debug */,
				658C5341247BEF2900AEA8C2 /* Release */,
			);
			defaultConfigurationIsVisible = 0;
			defaultConfigurationName = Release;
		};
		658C5342247BEF2900AEA8C2 /* Build configuration list for PBXNativeTarget "MultipleCellTableViewMVVM" */ = {
			isa = XCConfigurationList;
			buildConfigurations = (
				658C5343247BEF2900AEA8C2 /* Debug */,
				658C5344247BEF2900AEA8C2 /* Release */,
			);
			defaultConfigurationIsVisible = 0;
			defaultConfigurationName = Release;
		};
/* End XCConfigurationList section */
	};
	rootObject = 658C5326247BEF2600AEA8C2 /* Project object */;
}
